
Microsoft Visual Studio Solution File, Format Version 12.00
# Visual Studio 2012
Project("{FAE04EC0-301F-11D3-BF4B-00C04F79EFBC}") = "Day02", "Day02\Day02.csproj", "{D0C461F8-0831-4901-A9CE-BAB1AC368514}"
EndProject
Project("{FAE04EC0-301F-11D3-BF4B-00C04F79EFBC}") = "ChecksumTest", "ChecksumTest\ChecksumTest.csproj", "{39C724C0-A810-4407-9B4B-DEC94760D998}"
EndProject
Project("{FAE04EC0-301F-11D3-BF4B-00C04F79EFBC}") = "Checksum", "Checksum\Checksum.csproj", "{0C7A614D-7422-404A-8644-C16A1E8A57F2}"
EndProject
Global
	GlobalSection(SolutionConfigurationPlatforms) = preSolution
		Debug|x86 = Debug|x86
		Release|x86 = Release|x86
	EndGlobalSection
	GlobalSection(ProjectConfigurationPlatforms) = postSolution
		{0C7A614D-7422-404A-8644-C16A1E8A57F2}.Debug|x86.ActiveCfg = Debug|Any CPU
		{0C7A614D-7422-404A-8644-C16A1E8A57F2}.Debug|x86.Build.0 = Debug|Any CPU
		{0C7A614D-7422-404A-8644-C16A1E8A57F2}.Release|x86.ActiveCfg = Release|Any CPU
		{0C7A614D-7422-404A-8644-C16A1E8A57F2}.Release|x86.Build.0 = Release|Any CPU
		{39C724C0-A810-4407-9B4B-DEC94760D998}.Debug|x86.ActiveCfg = Debug|Any CPU
		{39C724C0-A810-4407-9B4B-DEC94760D998}.Debug|x86.Build.0 = Debug|Any CPU
		{39C724C0-A810-4407-9B4B-DEC94760D998}.Release|x86.ActiveCfg = Release|Any CPU
		{39C724C0-A810-4407-9B4B-DEC94760D998}.Release|x86.Build.0 = Release|Any CPU
		{D0C461F8-0831-4901-A9CE-BAB1AC368514}.Debug|x86.ActiveCfg = Debug|x86
		{D0C461F8-0831-4901-A9CE-BAB1AC368514}.Debug|x86.Build.0 = Debug|x86
		{D0C461F8-0831-4901-A9CE-BAB1AC368514}.Release|x86.ActiveCfg = Release|x86
		{D0C461F8-0831-4901-A9CE-BAB1AC368514}.Release|x86.Build.0 = Release|x86
	EndGlobalSection
EndGlobal
